// !$*UTF8*$!
{
	archiveVersion = 1;
	classes = {
	};
	objectVersion = 56;
	objects = {

/* Begin PBXBuildFile section */
		63364C222C2B935800291CED /* UIActivityIndicator.swift in Sources */ = {isa = PBXBuildFile; fileRef = 63364C212C2B935800291CED /* UIActivityIndicator.swift */; };
		63364C242C2B938E00291CED /* LoadingView.swift in Sources */ = {isa = PBXBuildFile; fileRef = 63364C232C2B938E00291CED /* LoadingView.swift */; };
		635E021A2C25027800987F9B /* Hows_School_GoingApp.swift in Sources */ = {isa = PBXBuildFile; fileRef = 635E02192C25027800987F9B /* Hows_School_GoingApp.swift */; };
		635E021C2C25027800987F9B /* ContentView.swift in Sources */ = {isa = PBXBuildFile; fileRef = 635E021B2C25027800987F9B /* ContentView.swift */; };
		635E021E2C25027A00987F9B /* Assets.xcassets in Resources */ = {isa = PBXBuildFile; fileRef = 635E021D2C25027A00987F9B /* Assets.xcassets */; };
		635E02212C25027A00987F9B /* Preview Assets.xcassets in Resources */ = {isa = PBXBuildFile; fileRef = 635E02202C25027A00987F9B /* Preview Assets.xcassets */; };
		635E022B2C25027A00987F9B /* Hows_School_GoingTests.swift in Sources */ = {isa = PBXBuildFile; fileRef = 635E022A2C25027A00987F9B /* Hows_School_GoingTests.swift */; };
		635E02352C25027A00987F9B /* Hows_School_GoingUITests.swift in Sources */ = {isa = PBXBuildFile; fileRef = 635E02342C25027A00987F9B /* Hows_School_GoingUITests.swift */; };
		635E02372C25027A00987F9B /* Hows_School_GoingUITestsLaunchTests.swift in Sources */ = {isa = PBXBuildFile; fileRef = 635E02362C25027A00987F9B /* Hows_School_GoingUITestsLaunchTests.swift */; };
		635E02462C25031800987F9B /* WebView.swift in Sources */ = {isa = PBXBuildFile; fileRef = 635E02452C25031800987F9B /* WebView.swift */; };
		63E7DD2E2C2F598100F53E64 /* WebViewModel.swift in Sources */ = {isa = PBXBuildFile; fileRef = 63E7DD2D2C2F598100F53E64 /* WebViewModel.swift */; };
		63E7DD322C925B9900F53E64 /* QuickLookViewController.swift in Sources */ = {isa = PBXBuildFile; fileRef = 63E7DD312C925B9900F53E64 /* QuickLookViewController.swift */; };
		63E7DD342C925EA700F53E64 /* PDFViewController.swift in Sources */ = {isa = PBXBuildFile; fileRef = 63E7DD332C925EA700F53E64 /* PDFViewController.swift */; };
		63E7DD362C925F1B00F53E64 /* ScrollViewDelegate.swift in Sources */ = {isa = PBXBuildFile; fileRef = 63E7DD352C925F1B00F53E64 /* ScrollViewDelegate.swift */; };
/* End PBXBuildFile section */

/* Begin PBXContainerItemProxy section */
		635E02272C25027A00987F9B /* PBXContainerItemProxy */ = {
			isa = PBXContainerItemProxy;
			containerPortal = 635E020E2C25027800987F9B /* Project object */;
			proxyType = 1;
			remoteGlobalIDString = 635E02152C25027800987F9B;
			remoteInfo = "Hows School Going";
		};
		635E02312C25027A00987F9B /* PBXContainerItemProxy */ = {
			isa = PBXContainerItemProxy;
			containerPortal = 635E020E2C25027800987F9B /* Project object */;
			proxyType = 1;
			remoteGlobalIDString = 635E02152C25027800987F9B;
			remoteInfo = "Hows School Going";
		};
/* End PBXContainerItemProxy section */

/* Begin PBXFileReference section */
		63364C212C2B935800291CED /* UIActivityIndicator.swift */ = {isa = PBXFileReference; lastKnownFileType = sourcecode.swift; path = UIActivityIndicator.swift; sourceTree = "<group>"; };
		63364C232C2B938E00291CED /* LoadingView.swift */ = {isa = PBXFileReference; lastKnownFileType = sourcecode.swift; path = LoadingView.swift; sourceTree = "<group>"; };
		635E02162C25027800987F9B /* Hows School Going.app */ = {isa = PBXFileReference; explicitFileType = wrapper.application; includeInIndex = 0; path = "Hows School Going.app"; sourceTree = BUILT_PRODUCTS_DIR; };
		635E02192C25027800987F9B /* Hows_School_GoingApp.swift */ = {isa = PBXFileReference; lastKnownFileType = sourcecode.swift; path = Hows_School_GoingApp.swift; sourceTree = "<group>"; };
		635E021B2C25027800987F9B /* ContentView.swift */ = {isa = PBXFileReference; lastKnownFileType = sourcecode.swift; path = ContentView.swift; sourceTree = "<group>"; };
		635E021D2C25027A00987F9B /* Assets.xcassets */ = {isa = PBXFileReference; lastKnownFileType = folder.assetcatalog; path = Assets.xcassets; sourceTree = "<group>"; };
		635E02202C25027A00987F9B /* Preview Assets.xcassets */ = {isa = PBXFileReference; lastKnownFileType = folder.assetcatalog; path = "Preview Assets.xcassets"; sourceTree = "<group>"; };
		635E02262C25027A00987F9B /* Hows School GoingTests.xctest */ = {isa = PBXFileReference; explicitFileType = wrapper.cfbundle; includeInIndex = 0; path = "Hows School GoingTests.xctest"; sourceTree = BUILT_PRODUCTS_DIR; };
		635E022A2C25027A00987F9B /* Hows_School_GoingTests.swift */ = {isa = PBXFileReference; lastKnownFileType = sourcecode.swift; path = Hows_School_GoingTests.swift; sourceTree = "<group>"; };
		635E02302C25027A00987F9B /* Hows School GoingUITests.xctest */ = {isa = PBXFileReference; explicitFileType = wrapper.cfbundle; includeInIndex = 0; path = "Hows School GoingUITests.xctest"; sourceTree = BUILT_PRODUCTS_DIR; };
		635E02342C25027A00987F9B /* Hows_School_GoingUITests.swift */ = {isa = PBXFileReference; lastKnownFileType = sourcecode.swift; path = Hows_School_GoingUITests.swift; sourceTree = "<group>"; };
		635E02362C25027A00987F9B /* Hows_School_GoingUITestsLaunchTests.swift */ = {isa = PBXFileReference; lastKnownFileType = sourcecode.swift; path = Hows_School_GoingUITestsLaunchTests.swift; sourceTree = "<group>"; };
		635E02452C25031800987F9B /* WebView.swift */ = {isa = PBXFileReference; lastKnownFileType = sourcecode.swift; path = WebView.swift; sourceTree = "<group>"; };
		635E02472C25E8B700987F9B /* Hows School Going.entitlements */ = {isa = PBXFileReference; lastKnownFileType = text.plist.entitlements; path = "Hows School Going.entitlements"; sourceTree = "<group>"; };
		63E7DD2D2C2F598100F53E64 /* WebViewModel.swift */ = {isa = PBXFileReference; fileEncoding = 4; lastKnownFileType = sourcecode.swift; path = WebViewModel.swift; sourceTree = "<group>"; };
		63E7DD312C925B9900F53E64 /* QuickLookViewController.swift */ = {isa = PBXFileReference; lastKnownFileType = sourcecode.swift; path = QuickLookViewController.swift; sourceTree = "<group>"; };
		63E7DD332C925EA700F53E64 /* PDFViewController.swift */ = {isa = PBXFileReference; lastKnownFileType = sourcecode.swift; path = PDFViewController.swift; sourceTree = "<group>"; };
		63E7DD352C925F1B00F53E64 /* ScrollViewDelegate.swift */ = {isa = PBXFileReference; lastKnownFileType = sourcecode.swift; path = ScrollViewDelegate.swift; sourceTree = "<group>"; };
/* End PBXFileReference section */

/* Begin PBXFrameworksBuildPhase section */
		635E02132C25027800987F9B /* Frameworks */ = {
			isa = PBXFrameworksBuildPhase;
			buildActionMask = 2147483647;
			files = (
			);
			runOnlyForDeploymentPostprocessing = 0;
		};
		635E02232C25027A00987F9B /* Frameworks */ = {
			isa = PBXFrameworksBuildPhase;
			buildActionMask = 2147483647;
			files = (
			);
			runOnlyForDeploymentPostprocessing = 0;
		};
		635E022D2C25027A00987F9B /* Frameworks */ = {
			isa = PBXFrameworksBuildPhase;
			buildActionMask = 2147483647;
			files = (
			);
			runOnlyForDeploymentPostprocessing = 0;
		};
/* End PBXFrameworksBuildPhase section */

/* Begin PBXGroup section */
		635E020D2C25027800987F9B = {
			isa = PBXGroup;
			children = (
				635E02182C25027800987F9B /* Hows School Going */,
				635E02292C25027A00987F9B /* Hows School GoingTests */,
				635E02332C25027A00987F9B /* Hows School GoingUITests */,
				635E02172C25027800987F9B /* Products */,
			);
			sourceTree = "<group>";
		};
		635E02172C25027800987F9B /* Products */ = {
			isa = PBXGroup;
			children = (
				635E02162C25027800987F9B /* Hows School Going.app */,
				635E02262C25027A00987F9B /* Hows School GoingTests.xctest */,
				635E02302C25027A00987F9B /* Hows School GoingUITests.xctest */,
			);
			name = Products;
			sourceTree = "<group>";
		};
		635E02182C25027800987F9B /* Hows School Going */ = {
			isa = PBXGroup;
			children = (
				635E02472C25E8B700987F9B /* Hows School Going.entitlements */,
				635E02192C25027800987F9B /* Hows_School_GoingApp.swift */,
				635E02452C25031800987F9B /* WebView.swift */,
				63E7DD352C925F1B00F53E64 /* ScrollViewDelegate.swift */,
				63E7DD2D2C2F598100F53E64 /* WebViewModel.swift */,
				63E7DD332C925EA700F53E64 /* PDFViewController.swift */,
				63E7DD312C925B9900F53E64 /* QuickLookViewController.swift */,
				635E021B2C25027800987F9B /* ContentView.swift */,
				63364C212C2B935800291CED /* UIActivityIndicator.swift */,
				63364C232C2B938E00291CED /* LoadingView.swift */,
				635E021D2C25027A00987F9B /* Assets.xcassets */,
				635E021F2C25027A00987F9B /* Preview Content */,
			);
			path = "Hows School Going";
			sourceTree = "<group>";
		};
		635E021F2C25027A00987F9B /* Preview Content */ = {
			isa = PBXGroup;
			children = (
				635E02202C25027A00987F9B /* Preview Assets.xcassets */,
			);
			path = "Preview Content";
			sourceTree = "<group>";
		};
		635E02292C25027A00987F9B /* Hows School GoingTests */ = {
			isa = PBXGroup;
			children = (
				635E022A2C25027A00987F9B /* Hows_School_GoingTests.swift */,
			);
			path = "Hows School GoingTests";
			sourceTree = "<group>";
		};
		635E02332C25027A00987F9B /* Hows School GoingUITests */ = {
			isa = PBXGroup;
			children = (
				635E02342C25027A00987F9B /* Hows_School_GoingUITests.swift */,
				635E02362C25027A00987F9B /* Hows_School_GoingUITestsLaunchTests.swift */,
			);
			path = "Hows School GoingUITests";
			sourceTree = "<group>";
		};
/* End PBXGroup section */

/* Begin PBXNativeTarget section */
		635E02152C25027800987F9B /* Hows School Going */ = {
			isa = PBXNativeTarget;
			buildConfigurationList = 635E023A2C25027A00987F9B /* Build configuration list for PBXNativeTarget "Hows School Going" */;
			buildPhases = (
				635E02122C25027800987F9B /* Sources */,
				635E02132C25027800987F9B /* Frameworks */,
				635E02142C25027800987F9B /* Resources */,
			);
			buildRules = (
			);
			dependencies = (
			);
			name = "Hows School Going";
			productName = "Hows School Going";
			productReference = 635E02162C25027800987F9B /* Hows School Going.app */;
			productType = "com.apple.product-type.application";
		};
		635E02252C25027A00987F9B /* Hows School GoingTests */ = {
			isa = PBXNativeTarget;
			buildConfigurationList = 635E023D2C25027A00987F9B /* Build configuration list for PBXNativeTarget "Hows School GoingTests" */;
			buildPhases = (
				635E02222C25027A00987F9B /* Sources */,
				635E02232C25027A00987F9B /* Frameworks */,
				635E02242C25027A00987F9B /* Resources */,
			);
			buildRules = (
			);
			dependencies = (
				635E02282C25027A00987F9B /* PBXTargetDependency */,
			);
			name = "Hows School GoingTests";
			productName = "Hows School GoingTests";
			productReference = 635E02262C25027A00987F9B /* Hows School GoingTests.xctest */;
			productType = "com.apple.product-type.bundle.unit-test";
		};
		635E022F2C25027A00987F9B /* Hows School GoingUITests */ = {
			isa = PBXNativeTarget;
			buildConfigurationList = 635E02402C25027A00987F9B /* Build configuration list for PBXNativeTarget "Hows School GoingUITests" */;
			buildPhases = (
				635E022C2C25027A00987F9B /* Sources */,
				635E022D2C25027A00987F9B /* Frameworks */,
				635E022E2C25027A00987F9B /* Resources */,
			);
			buildRules = (
			);
			dependencies = (
				635E02322C25027A00987F9B /* PBXTargetDependency */,
			);
			name = "Hows School GoingUITests";
			productName = "Hows School GoingUITests";
			productReference = 635E02302C25027A00987F9B /* Hows School GoingUITests.xctest */;
			productType = "com.apple.product-type.bundle.ui-testing";
		};
/* End PBXNativeTarget section */

/* Begin PBXProject section */
		635E020E2C25027800987F9B /* Project object */ = {
			isa = PBXProject;
			attributes = {
				BuildIndependentTargetsInParallel = 1;
				LastSwiftUpdateCheck = 1540;
				LastUpgradeCheck = 1540;
				TargetAttributes = {
					635E02152C25027800987F9B = {
						CreatedOnToolsVersion = 15.4;
					};
					635E02252C25027A00987F9B = {
						CreatedOnToolsVersion = 15.4;
						TestTargetID = 635E02152C25027800987F9B;
					};
					635E022F2C25027A00987F9B = {
						CreatedOnToolsVersion = 15.4;
						TestTargetID = 635E02152C25027800987F9B;
					};
				};
			};
			buildConfigurationList = 635E02112C25027800987F9B /* Build configuration list for PBXProject "Hows School Going" */;
			compatibilityVersion = "Xcode 14.0";
			developmentRegion = en;
			hasScannedForEncodings = 0;
			knownRegions = (
				en,
				Base,
			);
			mainGroup = 635E020D2C25027800987F9B;
			productRefGroup = 635E02172C25027800987F9B /* Products */;
			projectDirPath = "";
			projectRoot = "";
			targets = (
				635E02152C25027800987F9B /* Hows School Going */,
				635E02252C25027A00987F9B /* Hows School GoingTests */,
				635E022F2C25027A00987F9B /* Hows School GoingUITests */,
			);
		};
/* End PBXProject section */

/* Begin PBXResourcesBuildPhase section */
		635E02142C25027800987F9B /* Resources */ = {
			isa = PBXResourcesBuildPhase;
			buildActionMask = 2147483647;
			files = (
				635E02212C25027A00987F9B /* Preview Assets.xcassets in Resources */,
				635E021E2C25027A00987F9B /* Assets.xcassets in Resources */,
			);
			runOnlyForDeploymentPostprocessing = 0;
		};
		635E02242C25027A00987F9B /* Resources */ = {
			isa = PBXResourcesBuildPhase;
			buildActionMask = 2147483647;
			files = (
			);
			runOnlyForDeploymentPostprocessing = 0;
		};
		635E022E2C25027A00987F9B /* Resources */ = {
			isa = PBXResourcesBuildPhase;
			buildActionMask = 2147483647;
			files = (
			);
			runOnlyForDeploymentPostprocessing = 0;
		};
/* End PBXResourcesBuildPhase section */

/* Begin PBXSourcesBuildPhase section */
		635E02122C25027800987F9B /* Sources */ = {
			isa = PBXSourcesBuildPhase;
			buildActionMask = 2147483647;
			files = (
				635E02462C25031800987F9B /* WebView.swift in Sources */,
				63E7DD2E2C2F598100F53E64 /* WebViewModel.swift in Sources */,
				63364C222C2B935800291CED /* UIActivityIndicator.swift in Sources */,
				63E7DD362C925F1B00F53E64 /* ScrollViewDelegate.swift in Sources */,
				63E7DD342C925EA700F53E64 /* PDFViewController.swift in Sources */,
				635E021C2C25027800987F9B /* ContentView.swift in Sources */,
				63E7DD322C925B9900F53E64 /* QuickLookViewController.swift in Sources */,
				635E021A2C25027800987F9B /* Hows_School_GoingApp.swift in Sources */,
				63364C242C2B938E00291CED /* LoadingView.swift in Sources */,
			);
			runOnlyForDeploymentPostprocessing = 0;
		};
		635E02222C25027A00987F9B /* Sources */ = {
			isa = PBXSourcesBuildPhase;
			buildActionMask = 2147483647;
			files = (
				635E022B2C25027A00987F9B /* Hows_School_GoingTests.swift in Sources */,
			);
			runOnlyForDeploymentPostprocessing = 0;
		};
		635E022C2C25027A00987F9B /* Sources */ = {
			isa = PBXSourcesBuildPhase;
			buildActionMask = 2147483647;
			files = (
				635E02372C25027A00987F9B /* Hows_School_GoingUITestsLaunchTests.swift in Sources */,
				635E02352C25027A00987F9B /* Hows_School_GoingUITests.swift in Sources */,
			);
			runOnlyForDeploymentPostprocessing = 0;
		};
/* End PBXSourcesBuildPhase section */

/* Begin PBXTargetDependency section */
		635E02282C25027A00987F9B /* PBXTargetDependency */ = {
			isa = PBXTargetDependency;
			target = 635E02152C25027800987F9B /* Hows School Going */;
			targetProxy = 635E02272C25027A00987F9B /* PBXContainerItemProxy */;
		};
		635E02322C25027A00987F9B /* PBXTargetDependency */ = {
			isa = PBXTargetDependency;
			target = 635E02152C25027800987F9B /* Hows School Going */;
			targetProxy = 635E02312C25027A00987F9B /* PBXContainerItemProxy */;
		};
/* End PBXTargetDependency section */

/* Begin XCBuildConfiguration section */
		635E02382C25027A00987F9B /* Debug */ = {
			isa = XCBuildConfiguration;
			buildSettings = {
				ALWAYS_SEARCH_USER_PATHS = NO;
				ASSETCATALOG_COMPILER_GENERATE_SWIFT_ASSET_SYMBOL_EXTENSIONS = YES;
				CLANG_ANALYZER_NONNULL = YES;
				CLANG_ANALYZER_NUMBER_OBJECT_CONVERSION = YES_AGGRESSIVE;
				CLANG_CXX_LANGUAGE_STANDARD = "gnu++20";
				CLANG_ENABLE_MODULES = YES;
				CLANG_ENABLE_OBJC_ARC = YES;
				CLANG_ENABLE_OBJC_WEAK = YES;
				CLANG_WARN_BLOCK_CAPTURE_AUTORELEASING = YES;
				CLANG_WARN_BOOL_CONVERSION = YES;
				CLANG_WARN_COMMA = YES;
				CLANG_WARN_CONSTANT_CONVERSION = YES;
				CLANG_WARN_DEPRECATED_OBJC_IMPLEMENTATIONS = YES;
				CLANG_WARN_DIRECT_OBJC_ISA_USAGE = YES_ERROR;
				CLANG_WARN_DOCUMENTATION_COMMENTS = YES;
				CLANG_WARN_EMPTY_BODY = YES;
				CLANG_WARN_ENUM_CONVERSION = YES;
				CLANG_WARN_INFINITE_RECURSION = YES;
				CLANG_WARN_INT_CONVERSION = YES;
				CLANG_WARN_NON_LITERAL_NULL_CONVERSION = YES;
				CLANG_WARN_OBJC_IMPLICIT_RETAIN_SELF = YES;
				CLANG_WARN_OBJC_LITERAL_CONVERSION = YES;
				CLANG_WARN_OBJC_ROOT_CLASS = YES_ERROR;
				CLANG_WARN_QUOTED_INCLUDE_IN_FRAMEWORK_HEADER = YES;
				CLANG_WARN_RANGE_LOOP_ANALYSIS = YES;
				CLANG_WARN_STRICT_PROTOTYPES = YES;
				CLANG_WARN_SUSPICIOUS_MOVE = YES;
				CLANG_WARN_UNGUARDED_AVAILABILITY = YES_AGGRESSIVE;
				CLANG_WARN_UNREACHABLE_CODE = YES;
				CLANG_WARN__DUPLICATE_METHOD_MATCH = YES;
				COPY_PHASE_STRIP = NO;
				DEBUG_INFORMATION_FORMAT = dwarf;
				ENABLE_STRICT_OBJC_MSGSEND = YES;
				ENABLE_TESTABILITY = YES;
				ENABLE_USER_SCRIPT_SANDBOXING = YES;
				GCC_C_LANGUAGE_STANDARD = gnu17;
				GCC_DYNAMIC_NO_PIC = NO;
				GCC_NO_COMMON_BLOCKS = YES;
				GCC_OPTIMIZATION_LEVEL = 0;
				GCC_PREPROCESSOR_DEFINITIONS = (
					"DEBUG=1",
					"$(inherited)",
				);
				GCC_WARN_64_TO_32_BIT_CONVERSION = YES;
				GCC_WARN_ABOUT_RETURN_TYPE = YES_ERROR;
				GCC_WARN_UNDECLARED_SELECTOR = YES;
				GCC_WARN_UNINITIALIZED_AUTOS = YES_AGGRESSIVE;
				GCC_WARN_UNUSED_FUNCTION = YES;
				GCC_WARN_UNUSED_VARIABLE = YES;
				IPHONEOS_DEPLOYMENT_TARGET = 17.5;
				LOCALIZATION_PREFERS_STRING_CATALOGS = YES;
				MTL_ENABLE_DEBUG_INFO = INCLUDE_SOURCE;
				MTL_FAST_MATH = YES;
				ONLY_ACTIVE_ARCH = YES;
				SDKROOT = iphoneos;
				SWIFT_ACTIVE_COMPILATION_CONDITIONS = "DEBUG $(inherited)";
				SWIFT_OPTIMIZATION_LEVEL = "-Onone";
			};
			name = Debug;
		};
		635E02392C25027A00987F9B /* Release */ = {
			isa = XCBuildConfiguration;
			buildSettings = {
				ALWAYS_SEARCH_USER_PATHS = NO;
				ASSETCATALOG_COMPILER_GENERATE_SWIFT_ASSET_SYMBOL_EXTENSIONS = YES;
				CLANG_ANALYZER_NONNULL = YES;
				CLANG_ANALYZER_NUMBER_OBJECT_CONVERSION = YES_AGGRESSIVE;
				CLANG_CXX_LANGUAGE_STANDARD = "gnu++20";
				CLANG_ENABLE_MODULES = YES;
				CLANG_ENABLE_OBJC_ARC = YES;
				CLANG_ENABLE_OBJC_WEAK = YES;
				CLANG_WARN_BLOCK_CAPTURE_AUTORELEASING = YES;
				CLANG_WARN_BOOL_CONVERSION = YES;
				CLANG_WARN_COMMA = YES;
				CLANG_WARN_CONSTANT_CONVERSION = YES;
				CLANG_WARN_DEPRECATED_OBJC_IMPLEMENTATIONS = YES;
				CLANG_WARN_DIRECT_OBJC_ISA_USAGE = YES_ERROR;
				CLANG_WARN_DOCUMENTATION_COMMENTS = YES;
				CLANG_WARN_EMPTY_BODY = YES;
				CLANG_WARN_ENUM_CONVERSION = YES;
				CLANG_WARN_INFINITE_RECURSION = YES;
				CLANG_WARN_INT_CONVERSION = YES;
				CLANG_WARN_NON_LITERAL_NULL_CONVERSION = YES;
				CLANG_WARN_OBJC_IMPLICIT_RETAIN_SELF = YES;
				CLANG_WARN_OBJC_LITERAL_CONVERSION = YES;
				CLANG_WARN_OBJC_ROOT_CLASS = YES_ERROR;
				CLANG_WARN_QUOTED_INCLUDE_IN_FRAMEWORK_HEADER = YES;
				CLANG_WARN_RANGE_LOOP_ANALYSIS = YES;
				CLANG_WARN_STRICT_PROTOTYPES = YES;
				CLANG_WARN_SUSPICIOUS_MOVE = YES;
				CLANG_WARN_UNGUARDED_AVAILABILITY = YES_AGGRESSIVE;
				CLANG_WARN_UNREACHABLE_CODE = YES;
				CLANG_WARN__DUPLICATE_METHOD_MATCH = YES;
				COPY_PHASE_STRIP = NO;
				DEBUG_INFORMATION_FORMAT = "dwarf-with-dsym";
				ENABLE_NS_ASSERTIONS = NO;
				ENABLE_STRICT_OBJC_MSGSEND = YES;
				ENABLE_USER_SCRIPT_SANDBOXING = YES;
				GCC_C_LANGUAGE_STANDARD = gnu17;
				GCC_NO_COMMON_BLOCKS = YES;
				GCC_WARN_64_TO_32_BIT_CONVERSION = YES;
				GCC_WARN_ABOUT_RETURN_TYPE = YES_ERROR;
				GCC_WARN_UNDECLARED_SELECTOR = YES;
				GCC_WARN_UNINITIALIZED_AUTOS = YES_AGGRESSIVE;
				GCC_WARN_UNUSED_FUNCTION = YES;
				GCC_WARN_UNUSED_VARIABLE = YES;
				IPHONEOS_DEPLOYMENT_TARGET = 17.5;
				LOCALIZATION_PREFERS_STRING_CATALOGS = YES;
				MTL_ENABLE_DEBUG_INFO = NO;
				MTL_FAST_MATH = YES;
				SDKROOT = iphoneos;
				SWIFT_COMPILATION_MODE = wholemodule;
				VALIDATE_PRODUCT = YES;
			};
			name = Release;
		};
		635E023B2C25027A00987F9B /* Debug */ = {
			isa = XCBuildConfiguration;
			buildSettings = {
				ASSETCATALOG_COMPILER_APPICON_NAME = AppIcon;
				ASSETCATALOG_COMPILER_GLOBAL_ACCENT_COLOR_NAME = AccentColor;
				CODE_SIGN_ENTITLEMENTS = "Hows School Going/Hows School Going.entitlements";
				CODE_SIGN_IDENTITY = "Apple Development";
				CODE_SIGN_STYLE = Automatic;
				CURRENT_PROJECT_VERSION = 1;
				DEVELOPMENT_ASSET_PATHS = "\"Hows School Going/Preview Content\"";
				DEVELOPMENT_TEAM = HY7RUVBN5A;
				ENABLE_PREVIEWS = YES;
				GENERATE_INFOPLIST_FILE = YES;
				INFOPLIST_KEY_CFBundleDisplayName = HowsSchoolGoing;
				"INFOPLIST_KEY_CFBundleDisplayName[sdk=iphoneos*]" = HowsSchoolGoing;
				INFOPLIST_KEY_LSApplicationCategoryType = "public.app-category.education";
				INFOPLIST_KEY_UIApplicationSceneManifest_Generation = YES;
				INFOPLIST_KEY_UIApplicationSupportsIndirectInputEvents = YES;
				INFOPLIST_KEY_UILaunchScreen_Generation = YES;
				INFOPLIST_KEY_UISupportedInterfaceOrientations_iPad = "UIInterfaceOrientationPortrait UIInterfaceOrientationPortraitUpsideDown UIInterfaceOrientationLandscapeLeft UIInterfaceOrientationLandscapeRight";
				INFOPLIST_KEY_UISupportedInterfaceOrientations_iPhone = "UIInterfaceOrientationPortrait UIInterfaceOrientationLandscapeLeft UIInterfaceOrientationLandscapeRight";
				LD_RUNPATH_SEARCH_PATHS = (
					"$(inherited)",
					"@executable_path/Frameworks",
				);
				MARKETING_VERSION = 1.0;
				PRODUCT_BUNDLE_IDENTIFIER = "com.myeducationdata.Hows-School-Going";
				PRODUCT_NAME = "$(TARGET_NAME)";
				PROVISIONING_PROFILE_SPECIFIER = "";
				SWIFT_EMIT_LOC_STRINGS = YES;
				SWIFT_VERSION = 5.0;
				TARGETED_DEVICE_FAMILY = "1,2";
			};
			name = Debug;
		};
		635E023C2C25027A00987F9B /* Release */ = {
			isa = XCBuildConfiguration;
			buildSettings = {
				ASSETCATALOG_COMPILER_APPICON_NAME = AppIcon;
				ASSETCATALOG_COMPILER_GLOBAL_ACCENT_COLOR_NAME = AccentColor;
				CODE_SIGN_ENTITLEMENTS = "Hows School Going/Hows School Going.entitlements";
				CODE_SIGN_IDENTITY = "Apple Development";
				CODE_SIGN_STYLE = Automatic;
				CURRENT_PROJECT_VERSION = 1;
				DEVELOPMENT_ASSET_PATHS = "\"Hows School Going/Preview Content\"";
				DEVELOPMENT_TEAM = HY7RUVBN5A;
				ENABLE_PREVIEWS = YES;
				GENERATE_INFOPLIST_FILE = YES;
				INFOPLIST_KEY_CFBundleDisplayName = HowsSchoolGoing;
				"INFOPLIST_KEY_CFBundleDisplayName[sdk=iphoneos*]" = HowsSchoolGoing;
				INFOPLIST_KEY_LSApplicationCategoryType = "public.app-category.education";
				INFOPLIST_KEY_UIApplicationSceneManifest_Generation = YES;
				INFOPLIST_KEY_UIApplicationSupportsIndirectInputEvents = YES;
				INFOPLIST_KEY_UILaunchScreen_Generation = YES;
				INFOPLIST_KEY_UISupportedInterfaceOrientations_iPad = "UIInterfaceOrientationPortrait UIInterfaceOrientationPortraitUpsideDown UIInterfaceOrientationLandscapeLeft UIInterfaceOrientationLandscapeRight";
				INFOPLIST_KEY_UISupportedInterfaceOrientations_iPhone = "UIInterfaceOrientationPortrait UIInterfaceOrientationLandscapeLeft UIInterfaceOrientationLandscapeRight";
				LD_RUNPATH_SEARCH_PATHS = (
					"$(inherited)",
					"@executable_path/Frameworks",
				);
				MARKETING_VERSION = 1.0;
				PRODUCT_BUNDLE_IDENTIFIER = "com.myeducationdata.Hows-School-Going";
				PRODUCT_NAME = "$(TARGET_NAME)";
				PROVISIONING_PROFILE_SPECIFIER = "";
				SWIFT_EMIT_LOC_STRINGS = YES;
				SWIFT_VERSION = 5.0;
				TARGETED_DEVICE_FAMILY = "1,2";
			};
			name = Release;
		};
		635E023E2C25027A00987F9B /* Debug */ = {
			isa = XCBuildConfiguration;
			buildSettings = {
				ALWAYS_EMBED_SWIFT_STANDARD_LIBRARIES = YES;
				BUNDLE_LOADER = "$(TEST_HOST)";
				CODE_SIGN_STYLE = Automatic;
				CURRENT_PROJECT_VERSION = 1;
				DEVELOPMENT_TEAM = HY7RUVBN5A;
				GENERATE_INFOPLIST_FILE = YES;
				IPHONEOS_DEPLOYMENT_TARGET = 17.5;
				MARKETING_VERSION = 1.0;
				PRODUCT_BUNDLE_IDENTIFIER = "com.myeducationdata..Hows-School-GoingTests";
				PRODUCT_NAME = "$(TARGET_NAME)";
				SWIFT_EMIT_LOC_STRINGS = NO;
				SWIFT_VERSION = 5.0;
				TARGETED_DEVICE_FAMILY = "1,2";
				TEST_HOST = "$(BUILT_PRODUCTS_DIR)/Hows School Going.app/$(BUNDLE_EXECUTABLE_FOLDER_PATH)/Hows School Going";
			};
			name = Debug;
		};
		635E023F2C25027A00987F9B /* Release */ = {
			isa = XCBuildConfiguration;
			buildSettings = {
				ALWAYS_EMBED_SWIFT_STANDARD_LIBRARIES = YES;
				BUNDLE_LOADER = "$(TEST_HOST)";
				CODE_SIGN_STYLE = Automatic;
				CURRENT_PROJECT_VERSION = 1;
				DEVELOPMENT_TEAM = HY7RUVBN5A;
				GENERATE_INFOPLIST_FILE = YES;
				IPHONEOS_DEPLOYMENT_TARGET = 17.5;
				MARKETING_VERSION = 1.0;
				PRODUCT_BUNDLE_IDENTIFIER = "com.myeducationdata..Hows-School-GoingTests";
				PRODUCT_NAME = "$(TARGET_NAME)";
				SWIFT_EMIT_LOC_STRINGS = NO;
				SWIFT_VERSION = 5.0;
				TARGETED_DEVICE_FAMILY = "1,2";
				TEST_HOST = "$(BUILT_PRODUCTS_DIR)/Hows School Going.app/$(BUNDLE_EXECUTABLE_FOLDER_PATH)/Hows School Going";
			};
			name = Release;
		};
		635E02412C25027A00987F9B /* Debug */ = {
			isa = XCBuildConfiguration;
			buildSettings = {
				ALWAYS_EMBED_SWIFT_STANDARD_LIBRARIES = YES;
				CODE_SIGN_STYLE = Automatic;
				CURRENT_PROJECT_VERSION = 1;
				DEVELOPMENT_TEAM = HY7RUVBN5A;
				GENERATE_INFOPLIST_FILE = YES;
				MARKETING_VERSION = 1.0;
				PRODUCT_BUNDLE_IDENTIFIER = "com.myeducationdata..Hows-School-GoingUITests";
				PRODUCT_NAME = "$(TARGET_NAME)";
				SWIFT_EMIT_LOC_STRINGS = NO;
				SWIFT_VERSION = 5.0;
				TARGETED_DEVICE_FAMILY = "1,2";
				TEST_TARGET_NAME = "Hows School Going";
			};
			name = Debug;
		};
		635E02422C25027A00987F9B /* Release */ = {
			isa = XCBuildConfiguration;
			buildSettings = {
				ALWAYS_EMBED_SWIFT_STANDARD_LIBRARIES = YES;
				CODE_SIGN_STYLE = Automatic;
				CURRENT_PROJECT_VERSION = 1;
				DEVELOPMENT_TEAM = HY7RUVBN5A;
				GENERATE_INFOPLIST_FILE = YES;
				MARKETING_VERSION = 1.0;
				PRODUCT_BUNDLE_IDENTIFIER = "com.myeducationdata..Hows-School-GoingUITests";
				PRODUCT_NAME = "$(TARGET_NAME)";
				SWIFT_EMIT_LOC_STRINGS = NO;
				SWIFT_VERSION = 5.0;
				TARGETED_DEVICE_FAMILY = "1,2";
				TEST_TARGET_NAME = "Hows School Going";
			};
			name = Release;
		};
/* End XCBuildConfiguration section */

/* Begin XCConfigurationList section */
		635E02112C25027800987F9B /* Build configuration list for PBXProject "Hows School Going" */ = {
			isa = XCConfigurationList;
			buildConfigurations = (
				635E02382C25027A00987F9B /* Debug */,
				635E02392C25027A00987F9B /* Release */,
			);
			defaultConfigurationIsVisible = 0;
			defaultConfigurationName = Release;
		};
		635E023A2C25027A00987F9B /* Build configuration list for PBXNativeTarget "Hows School Going" */ = {
			isa = XCConfigurationList;
			buildConfigurations = (
				635E023B2C25027A00987F9B /* Debug */,
				635E023C2C25027A00987F9B /* Release */,
			);
			defaultConfigurationIsVisible = 0;
			defaultConfigurationName = Release;
		};
		635E023D2C25027A00987F9B /* Build configuration list for PBXNativeTarget "Hows School GoingTests" */ = {
			isa = XCConfigurationList;
			buildConfigurations = (
				635E023E2C25027A00987F9B /* Debug */,
				635E023F2C25027A00987F9B /* Release */,
			);
			defaultConfigurationIsVisible = 0;
			defaultConfigurationName = Release;
		};
		635E02402C25027A00987F9B /* Build configuration list for PBXNativeTarget "Hows School GoingUITests" */ = {
			isa = XCConfigurationList;
			buildConfigurations = (
				635E02412C25027A00987F9B /* Debug */,
				635E02422C25027A00987F9B /* Release */,
			);
			defaultConfigurationIsVisible = 0;
			defaultConfigurationName = Release;
		};
/* End XCConfigurationList section */
	};
	rootObject = 635E020E2C25027800987F9B /* Project object */;
}
